PODS:
  - better_player (0.0.1):
    - Cache (~> 6.0.0)
    - Flutter
    - GCDWebServer
    - HLSCachingReverseProxyServer
    - PINCache
  - Cache (6.0.0)
  - Flutter (1.0.0)
  - GCDWebServer (3.5.4):
    - GCDWebServer/Core (= 3.5.4)
  - GCDWebServer/Core (3.5.4)
  - HLSCachingReverseProxyServer (0.1.0):
    - GCDWebServer (~> 3.5)
    - PINCache (>= 3.0.1-beta.3)
  - image_gallery_saver (1.5.0):
    - Flutter
  - libwebp (1.2.1):
    - libwebp/demux (= 1.2.1)
    - libwebp/mux (= 1.2.1)
    - libwebp/webp (= 1.2.1)
  - libwebp/demux (1.2.1):
    - libwebp/webp
  - libwebp/mux (1.2.1):
    - libwebp/demux
  - libwebp/webp (1.2.1)
  - path_provider_ios (0.0.1):
    - Flutter
  - permission_handler_apple (9.0.4):
    - Flutter
  - PINCache (3.0.3):
    - PINCache/Arc-exception-safe (= 3.0.3)
    - PINCache/Core (= 3.0.3)
  - PINCache/Arc-exception-safe (3.0.3):
    - PINCache/Core
  - PINCache/Core (3.0.3):
    - PINOperation (~> 1.2.1)
  - PINOperation (1.2.1)
  - video_thumbnail (0.0.1):
    - Flutter
    - libwebp
  - wakelock (0.0.1):
    - Flutter
  - webview_cookie_manager (0.0.1):
    - Flutter
  - webview_flutter_wkwebview (0.0.1):
    - Flutter

DEPENDENCIES:
  - better_player (from `.symlinks/plugins/better_player/ios`)
  - Flutter (from `Flutter`)
  - image_gallery_saver (from `.symlinks/plugins/image_gallery_saver/ios`)
  - path_provider_ios (from `.symlinks/plugins/path_provider_ios/ios`)
  - permission_handler_apple (from `.symlinks/plugins/permission_handler_apple/ios`)
  - video_thumbnail (from `.symlinks/plugins/video_thumbnail/ios`)
  - wakelock (from `.symlinks/plugins/wakelock/ios`)
  - webview_cookie_manager (from `.symlinks/plugins/webview_cookie_manager/ios`)
  - webview_flutter_wkwebview (from `.symlinks/plugins/webview_flutter_wkwebview/ios`)

SPEC REPOS:
  trunk:
    - Cache
    - GCDWebServer
    - HLSCachingReverseProxyServer
    - libwebp
    - PINCache
    - PINOperation

EXTERNAL SOURCES:
  better_player:
    :path: ".symlinks/plugins/better_player/ios"
  Flutter:
    :path: Flutter
  image_gallery_saver:
    :path: ".symlinks/plugins/image_gallery_saver/ios"
  path_provider_ios:
    :path: ".symlinks/plugins/path_provider_ios/ios"
  permission_handler_apple:
    :path: ".symlinks/plugins/permission_handler_apple/ios"
  video_thumbnail:
    :path: ".symlinks/plugins/video_thumbnail/ios"
  wakelock:
    :path: ".symlinks/plugins/wakelock/ios"
  webview_cookie_manager:
    :path: ".symlinks/plugins/webview_cookie_manager/ios"
  webview_flutter_wkwebview:
    :path: ".symlinks/plugins/webview_flutter_wkwebview/ios"

SPEC CHECKSUMS:
  better_player: 2406bfe8175203c7a46fa15f9d778d73b12e1646
  Cache: 4ca7e00363fca5455f26534e5607634c820ffc2d
  Flutter: 50d75fe2f02b26cc09d224853bb45737f8b3214a
  GCDWebServer: 2c156a56c8226e2d5c0c3f208a3621ccffbe3ce4
  HLSCachingReverseProxyServer: 59935e1e0244ad7f3375d75b5ef46e8eb26ab181
  image_gallery_saver: 259eab68fb271cfd57d599904f7acdc7832e7ef2
  libwebp: 98a37e597e40bfdb4c911fc98f2c53d0b12d05fc
  path_provider_ios: 14f3d2fd28c4fdb42f44e0f751d12861c43cee02
  permission_handler_apple: 44366e37eaf29454a1e7b1b7d736c2cceaeb17ce
  PINCache: 7a8fc1a691173d21dbddbf86cd515de6efa55086
  PINOperation: 00c935935f1e8cf0d1e2d6b542e75b88fc3e5e20
  video_thumbnail: c4e2a3c539e247d4de13cd545344fd2d26ffafd1
  wakelock: d0fc7c864128eac40eba1617cb5264d9c940b46f
  webview_cookie_manager: eaf920722b493bd0f7611b5484771ca53fed03f7
  webview_flutter_wkwebview: b7e70ef1ddded7e69c796c7390ee74180182971f

PODFILE CHECKSUM: cc1f88378b4bfcf93a6ce00d2c587857c6008d3b

COCOAPODS: 1.11.3
